
Microsoft Visual Studio Solution File, Format Version 12.00
# Visual Studio Version 16
VisualStudioVersion = 16.0.30611.23
MinimumVisualStudioVersion = 10.0.40219.1
Project("{FAE04EC0-301F-11D3-BF4B-00C04F79EFBC}") = "WebWithWCF", "WebWithWCF\WebWithWCF.csproj", "{215CAF6F-4548-4C1A-A30B-C5C8F0888EDD}"
EndProject
Global
	GlobalSection(SolutionConfigurationPlatforms) = preSolution
		Debug|Any CPU = Debug|Any CPU
		Release|Any CPU = Release|Any CPU
	EndGlobalSection
	GlobalSection(ProjectConfigurationPlatforms) = postSolution
		{215CAF6F-4548-4C1A-A30B-C5C8F0888EDD}.Debug|Any CPU.ActiveCfg = Debug|Any CPU
		{215CAF6F-4548-4C1A-A30B-C5C8F0888EDD}.Debug|Any CPU.Build.0 = Debug|Any CPU
		{215CAF6F-4548-4C1A-A30B-C5C8F0888EDD}.Release|Any CPU.ActiveCfg = Release|Any CPU
		{215CAF6F-4548-4C1A-A30B-C5C8F0888EDD}.Release|Any CPU.Build.0 = Release|Any CPU
	EndGlobalSection
	GlobalSection(SolutionProperties) = preSolution
		HideSolutionNode = FALSE
	EndGlobalSection
	GlobalSection(ExtensibilityGlobals) = postSolution
		SolutionGuid = {27F6DA69-4FCB-4D44-B9EF-66EEDCD4C0AE}
	EndGlobalSection
EndGlobal
